
Microsoft Visual Studio Solution File, Format Version 12.00
# Visual Studio Version 17
VisualStudioVersion = 17.4.33103.184
MinimumVisualStudioVersion = 10.0.40219.1
Project("{9A19103F-16F7-4668-BE54-9A1E7A4F7556}") = "ClinicService", "ClinicService\ClinicService.csproj", "{1036536C-AC8A-4801-B051-C10A081DDEB5}"
EndProject
Project("{9A19103F-16F7-4668-BE54-9A1E7A4F7556}") = "ClinicService.Data", "ClinicService.Data\ClinicService.Data.csproj", "{6C4DB5CC-D276-4026-9A96-FA9CEC1BBD38}"
EndProject
Project("{9A19103F-16F7-4668-BE54-9A1E7A4F7556}") = "ClinicClient", "ClinicClient\ClinicClient.csproj", "{062452FE-5B21-4229-B12C-5A866B0A5C04}"
EndProject
Project("{FAE04EC0-301F-11D3-BF4B-00C04F79EFBC}") = "ClinicServiceV2Net7", "ClinicServiceV2Net7\ClinicServiceV2Net7.csproj", "{15A81F91-57B2-4312-A97A-6C81E0B2EC76}"
EndProject
Global
	GlobalSection(SolutionConfigurationPlatforms) = preSolution
		Debug|Any CPU = Debug|Any CPU
		Release|Any CPU = Release|Any CPU
	EndGlobalSection
	GlobalSection(ProjectConfigurationPlatforms) = postSolution
		{1036536C-AC8A-4801-B051-C10A081DDEB5}.Debug|Any CPU.ActiveCfg = Debug|Any CPU
		{1036536C-AC8A-4801-B051-C10A081DDEB5}.Debug|Any CPU.Build.0 = Debug|Any CPU
		{1036536C-AC8A-4801-B051-C10A081DDEB5}.Release|Any CPU.ActiveCfg = Release|Any CPU
		{1036536C-AC8A-4801-B051-C10A081DDEB5}.Release|Any CPU.Build.0 = Release|Any CPU
		{6C4DB5CC-D276-4026-9A96-FA9CEC1BBD38}.Debug|Any CPU.ActiveCfg = Debug|Any CPU
		{6C4DB5CC-D276-4026-9A96-FA9CEC1BBD38}.Debug|Any CPU.Build.0 = Debug|Any CPU
		{6C4DB5CC-D276-4026-9A96-FA9CEC1BBD38}.Release|Any CPU.ActiveCfg = Release|Any CPU
		{6C4DB5CC-D276-4026-9A96-FA9CEC1BBD38}.Release|Any CPU.Build.0 = Release|Any CPU
		{062452FE-5B21-4229-B12C-5A866B0A5C04}.Debug|Any CPU.ActiveCfg = Debug|Any CPU
		{062452FE-5B21-4229-B12C-5A866B0A5C04}.Debug|Any CPU.Build.0 = Debug|Any CPU
		{062452FE-5B21-4229-B12C-5A866B0A5C04}.Release|Any CPU.ActiveCfg = Release|Any CPU
		{062452FE-5B21-4229-B12C-5A866B0A5C04}.Release|Any CPU.Build.0 = Release|Any CPU
		{15A81F91-57B2-4312-A97A-6C81E0B2EC76}.Debug|Any CPU.ActiveCfg = Debug|Any CPU
		{15A81F91-57B2-4312-A97A-6C81E0B2EC76}.Debug|Any CPU.Build.0 = Debug|Any CPU
		{15A81F91-57B2-4312-A97A-6C81E0B2EC76}.Release|Any CPU.ActiveCfg = Release|Any CPU
		{15A81F91-57B2-4312-A97A-6C81E0B2EC76}.Release|Any CPU.Build.0 = Release|Any CPU
	EndGlobalSection
	GlobalSection(SolutionProperties) = preSolution
		HideSolutionNode = FALSE
	EndGlobalSection
	GlobalSection(ExtensibilityGlobals) = postSolution
		SolutionGuid = {EAE66DD8-50BA-49BD-AD62-32DD01C23C0C}
	EndGlobalSection
EndGlobal
